
Microsoft Visual Studio Solution File, Format Version 12.00
# Visual Studio 15
VisualStudioVersion = 15.0.28307.1062
MinimumVisualStudioVersion = 10.0.40219.1
Project("{FAE04EC0-301F-11D3-BF4B-00C04F79EFBC}") = "MobileApp_1.Android", "MobileApp_1\MobileApp_1.Android\MobileApp_1.Android.csproj", "{532787CB-087C-4B32-8026-0C910AF2FD08}"
EndProject
Project("{FAE04EC0-301F-11D3-BF4B-00C04F79EFBC}") = "MobileApp_1.iOS", "MobileApp_1\MobileApp_1.iOS\MobileApp_1.iOS.csproj", "{38903EC2-5052-48B4-8134-BEB58C3D7275}"
EndProject
Project("{9A19103F-16F7-4668-BE54-9A1E7A4F7556}") = "MobileApp_1", "MobileApp_1\MobileApp_1\MobileApp_1.csproj", "{B7ACE263-760E-4924-A2F3-CCA2836602CC}"
EndProject
Global
	GlobalSection(SolutionConfigurationPlatforms) = preSolution
		Ad-Hoc|Any CPU = Ad-Hoc|Any CPU
		Ad-Hoc|iPhone = Ad-Hoc|iPhone
		Ad-Hoc|iPhoneSimulator = Ad-Hoc|iPhoneSimulator
		AppStore|Any CPU = AppStore|Any CPU
		AppStore|iPhone = AppStore|iPhone
		AppStore|iPhoneSimulator = AppStore|iPhoneSimulator
		Debug|Any CPU = Debug|Any CPU
		Debug|iPhone = Debug|iPhone
		Debug|iPhoneSimulator = Debug|iPhoneSimulator
		Release|Any CPU = Release|Any CPU
		Release|iPhone = Release|iPhone
		Release|iPhoneSimulator = Release|iPhoneSimulator
	EndGlobalSection
	GlobalSection(ProjectConfigurationPlatforms) = postSolution
		{532787CB-087C-4B32-8026-0C910AF2FD08}.Ad-Hoc|Any CPU.ActiveCfg = Release|Any CPU
		{532787CB-087C-4B32-8026-0C910AF2FD08}.Ad-Hoc|Any CPU.Build.0 = Release|Any CPU
		{532787CB-087C-4B32-8026-0C910AF2FD08}.Ad-Hoc|Any CPU.Deploy.0 = Release|Any CPU
		{532787CB-087C-4B32-8026-0C910AF2FD08}.Ad-Hoc|iPhone.ActiveCfg = Release|Any CPU
		{532787CB-087C-4B32-8026-0C910AF2FD08}.Ad-Hoc|iPhone.Build.0 = Release|Any CPU
		{532787CB-087C-4B32-8026-0C910AF2FD08}.Ad-Hoc|iPhone.Deploy.0 = Release|Any CPU
		{532787CB-087C-4B32-8026-0C910AF2FD08}.Ad-Hoc|iPhoneSimulator.ActiveCfg = Release|Any CPU
		{532787CB-087C-4B32-8026-0C910AF2FD08}.Ad-Hoc|iPhoneSimulator.Build.0 = Release|Any CPU
		{532787CB-087C-4B32-8026-0C910AF2FD08}.Ad-Hoc|iPhoneSimulator.Deploy.0 = Release|Any CPU
		{532787CB-087C-4B32-8026-0C910AF2FD08}.AppStore|Any CPU.ActiveCfg = Release|Any CPU
		{532787CB-087C-4B32-8026-0C910AF2FD08}.AppStore|Any CPU.Build.0 = Release|Any CPU
		{532787CB-087C-4B32-8026-0C910AF2FD08}.AppStore|Any CPU.Deploy.0 = Release|Any CPU
		{532787CB-087C-4B32-8026-0C910AF2FD08}.AppStore|iPhone.ActiveCfg = Release|Any CPU
		{532787CB-087C-4B32-8026-0C910AF2FD08}.AppStore|iPhone.Build.0 = Release|Any CPU
		{532787CB-087C-4B32-8026-0C910AF2FD08}.AppStore|iPhone.Deploy.0 = Release|Any CPU
		{532787CB-087C-4B32-8026-0C910AF2FD08}.AppStore|iPhoneSimulator.ActiveCfg = Release|Any CPU
		{532787CB-087C-4B32-8026-0C910AF2FD08}.AppStore|iPhoneSimulator.Build.0 = Release|Any CPU
		{532787CB-087C-4B32-8026-0C910AF2FD08}.AppStore|iPhoneSimulator.Deploy.0 = Release|Any CPU
		{532787CB-087C-4B32-8026-0C910AF2FD08}.Debug|Any CPU.ActiveCfg = Debug|Any CPU
		{532787CB-087C-4B32-8026-0C910AF2FD08}.Debug|Any CPU.Build.0 = Debug|Any CPU
		{532787CB-087C-4B32-8026-0C910AF2FD08}.Debug|Any CPU.Deploy.0 = Debug|Any CPU
		{532787CB-087C-4B32-8026-0C910AF2FD08}.Debug|iPhone.ActiveCfg = Debug|Any CPU
		{532787CB-087C-4B32-8026-0C910AF2FD08}.Debug|iPhone.Build.0 = Debug|Any CPU
		{532787CB-087C-4B32-8026-0C910AF2FD08}.Debug|iPhone.Deploy.0 = Debug|Any CPU
		{532787CB-087C-4B32-8026-0C910AF2FD08}.Debug|iPhoneSimulator.ActiveCfg = Debug|Any CPU
		{532787CB-087C-4B32-8026-0C910AF2FD08}.Debug|iPhoneSimulator.Build.0 = Debug|Any CPU
		{532787CB-087C-4B32-8026-0C910AF2FD08}.Debug|iPhoneSimulator.Deploy.0 = Debug|Any CPU
		{532787CB-087C-4B32-8026-0C910AF2FD08}.Release|Any CPU.ActiveCfg = Release|Any CPU
		{532787CB-087C-4B32-8026-0C910AF2FD08}.Release|Any CPU.Build.0 = Release|Any CPU
		{532787CB-087C-4B32-8026-0C910AF2FD08}.Release|Any CPU.Deploy.0 = Release|Any CPU
		{532787CB-087C-4B32-8026-0C910AF2FD08}.Release|iPhone.ActiveCfg = Release|Any CPU
		{532787CB-087C-4B32-8026-0C910AF2FD08}.Release|iPhone.Build.0 = Release|Any CPU
		{532787CB-087C-4B32-8026-0C910AF2FD08}.Release|iPhone.Deploy.0 = Release|Any CPU
		{532787CB-087C-4B32-8026-0C910AF2FD08}.Release|iPhoneSimulator.ActiveCfg = Release|Any CPU
		{532787CB-087C-4B32-8026-0C910AF2FD08}.Release|iPhoneSimulator.Build.0 = Release|Any CPU
		{532787CB-087C-4B32-8026-0C910AF2FD08}.Release|iPhoneSimulator.Deploy.0 = Release|Any CPU
		{38903EC2-5052-48B4-8134-BEB58C3D7275}.Ad-Hoc|Any CPU.ActiveCfg = Ad-Hoc|iPhone
		{38903EC2-5052-48B4-8134-BEB58C3D7275}.Ad-Hoc|Any CPU.Build.0 = Ad-Hoc|iPhone
		{38903EC2-5052-48B4-8134-BEB58C3D7275}.Ad-Hoc|Any CPU.Deploy.0 = Ad-Hoc|iPhone
		{38903EC2-5052-48B4-8134-BEB58C3D7275}.Ad-Hoc|iPhone.ActiveCfg = Ad-Hoc|iPhone
		{38903EC2-5052-48B4-8134-BEB58C3D7275}.Ad-Hoc|iPhone.Build.0 = Ad-Hoc|iPhone
		{38903EC2-5052-48B4-8134-BEB58C3D7275}.Ad-Hoc|iPhone.Deploy.0 = Ad-Hoc|iPhone
		{38903EC2-5052-48B4-8134-BEB58C3D7275}.Ad-Hoc|iPhoneSimulator.ActiveCfg = Ad-Hoc|iPhoneSimulator
		{38903EC2-5052-48B4-8134-BEB58C3D7275}.Ad-Hoc|iPhoneSimulator.Build.0 = Ad-Hoc|iPhoneSimulator
		{38903EC2-5052-48B4-8134-BEB58C3D7275}.Ad-Hoc|iPhoneSimulator.Deploy.0 = Ad-Hoc|iPhoneSimulator
		{38903EC2-5052-48B4-8134-BEB58C3D7275}.AppStore|Any CPU.ActiveCfg = AppStore|iPhone
		{38903EC2-5052-48B4-8134-BEB58C3D7275}.AppStore|Any CPU.Build.0 = AppStore|iPhone
		{38903EC2-5052-48B4-8134-BEB58C3D7275}.AppStore|Any CPU.Deploy.0 = AppStore|iPhone
		{38903EC2-5052-48B4-8134-BEB58C3D7275}.AppStore|iPhone.ActiveCfg = AppStore|iPhone
		{38903EC2-5052-48B4-8134-BEB58C3D7275}.AppStore|iPhone.Build.0 = AppStore|iPhone
		{38903EC2-5052-48B4-8134-BEB58C3D7275}.AppStore|iPhone.Deploy.0 = AppStore|iPhone
		{38903EC2-5052-48B4-8134-BEB58C3D7275}.AppStore|iPhoneSimulator.ActiveCfg = AppStore|iPhoneSimulator
		{38903EC2-5052-48B4-8134-BEB58C3D7275}.AppStore|iPhoneSimulator.Build.0 = AppStore|iPhoneSimulator
		{38903EC2-5052-48B4-8134-BEB58C3D7275}.AppStore|iPhoneSimulator.Deploy.0 = AppStore|iPhoneSimulator
		{38903EC2-5052-48B4-8134-BEB58C3D7275}.Debug|Any CPU.ActiveCfg = Debug|iPhoneSimulator
		{38903EC2-5052-48B4-8134-BEB58C3D7275}.Debug|Any CPU.Build.0 = Debug|iPhoneSimulator
		{38903EC2-5052-48B4-8134-BEB58C3D7275}.Debug|Any CPU.Deploy.0 = Debug|iPhoneSimulator
		{38903EC2-5052-48B4-8134-BEB58C3D7275}.Debug|iPhone.ActiveCfg = Debug|iPhone
		{38903EC2-5052-48B4-8134-BEB58C3D7275}.Debug|iPhone.Build.0 = Debug|iPhone
		{38903EC2-5052-48B4-8134-BEB58C3D7275}.Debug|iPhone.Deploy.0 = Debug|iPhone
		{38903EC2-5052-48B4-8134-BEB58C3D7275}.Debug|iPhoneSimulator.ActiveCfg = Debug|iPhoneSimulator
		{38903EC2-5052-48B4-8134-BEB58C3D7275}.Debug|iPhoneSimulator.Build.0 = Debug|iPhoneSimulator
		{38903EC2-5052-48B4-8134-BEB58C3D7275}.Debug|iPhoneSimulator.Deploy.0 = Debug|iPhoneSimulator
		{38903EC2-5052-48B4-8134-BEB58C3D7275}.Release|Any CPU.ActiveCfg = Release|iPhone
		{38903EC2-5052-48B4-8134-BEB58C3D7275}.Release|Any CPU.Build.0 = Release|iPhone
		{38903EC2-5052-48B4-8134-BEB58C3D7275}.Release|Any CPU.Deploy.0 = Release|iPhone
		{38903EC2-5052-48B4-8134-BEB58C3D7275}.Release|iPhone.ActiveCfg = Release|iPhone
		{38903EC2-5052-48B4-8134-BEB58C3D7275}.Release|iPhone.Build.0 = Release|iPhone
		{38903EC2-5052-48B4-8134-BEB58C3D7275}.Release|iPhone.Deploy.0 = Release|iPhone
		{38903EC2-5052-48B4-8134-BEB58C3D7275}.Release|iPhoneSimulator.ActiveCfg = Release|iPhoneSimulator
		{38903EC2-5052-48B4-8134-BEB58C3D7275}.Release|iPhoneSimulator.Build.0 = Release|iPhoneSimulator
		{38903EC2-5052-48B4-8134-BEB58C3D7275}.Release|iPhoneSimulator.Deploy.0 = Release|iPhoneSimulator
		{B7ACE263-760E-4924-A2F3-CCA2836602CC}.Ad-Hoc|Any CPU.ActiveCfg = Debug|Any CPU
		{B7ACE263-760E-4924-A2F3-CCA2836602CC}.Ad-Hoc|Any CPU.Build.0 = Debug|Any CPU
		{B7ACE263-760E-4924-A2F3-CCA2836602CC}.Ad-Hoc|Any CPU.Deploy.0 = Debug|Any CPU
		{B7ACE263-760E-4924-A2F3-CCA2836602CC}.Ad-Hoc|iPhone.ActiveCfg = Debug|Any CPU
		{B7ACE263-760E-4924-A2F3-CCA2836602CC}.Ad-Hoc|iPhone.Build.0 = Debug|Any CPU
		{B7ACE263-760E-4924-A2F3-CCA2836602CC}.Ad-Hoc|iPhone.Deploy.0 = Debug|Any CPU
		{B7ACE263-760E-4924-A2F3-CCA2836602CC}.Ad-Hoc|iPhoneSimulator.ActiveCfg = Debug|Any CPU
		{B7ACE263-760E-4924-A2F3-CCA2836602CC}.Ad-Hoc|iPhoneSimulator.Build.0 = Debug|Any CPU
		{B7ACE263-760E-4924-A2F3-CCA2836602CC}.Ad-Hoc|iPhoneSimulator.Deploy.0 = Debug|Any CPU
		{B7ACE263-760E-4924-A2F3-CCA2836602CC}.AppStore|Any CPU.ActiveCfg = Debug|Any CPU
		{B7ACE263-760E-4924-A2F3-CCA2836602CC}.AppStore|Any CPU.Build.0 = Debug|Any CPU
		{B7ACE263-760E-4924-A2F3-CCA2836602CC}.AppStore|Any CPU.Deploy.0 = Debug|Any CPU
		{B7ACE263-760E-4924-A2F3-CCA2836602CC}.AppStore|iPhone.ActiveCfg = Debug|Any CPU
		{B7ACE263-760E-4924-A2F3-CCA2836602CC}.AppStore|iPhone.Build.0 = Debug|Any CPU
		{B7ACE263-760E-4924-A2F3-CCA2836602CC}.AppStore|iPhone.Deploy.0 = Debug|Any CPU
		{B7ACE263-760E-4924-A2F3-CCA2836602CC}.AppStore|iPhoneSimulator.ActiveCfg = Debug|Any CPU
		{B7ACE263-760E-4924-A2F3-CCA2836602CC}.AppStore|iPhoneSimulator.Build.0 = Debug|Any CPU
		{B7ACE263-760E-4924-A2F3-CCA2836602CC}.AppStore|iPhoneSimulator.Deploy.0 = Debug|Any CPU
		{B7ACE263-760E-4924-A2F3-CCA2836602CC}.Debug|Any CPU.ActiveCfg = Debug|Any CPU
		{B7ACE263-760E-4924-A2F3-CCA2836602CC}.Debug|Any CPU.Build.0 = Debug|Any CPU
		{B7ACE263-760E-4924-A2F3-CCA2836602CC}.Debug|Any CPU.Deploy.0 = Debug|Any CPU
		{B7ACE263-760E-4924-A2F3-CCA2836602CC}.Debug|iPhone.ActiveCfg = Debug|Any CPU
		{B7ACE263-760E-4924-A2F3-CCA2836602CC}.Debug|iPhone.Build.0 = Debug|Any CPU
		{B7ACE263-760E-4924-A2F3-CCA2836602CC}.Debug|iPhone.Deploy.0 = Debug|Any CPU
		{B7ACE263-760E-4924-A2F3-CCA2836602CC}.Debug|iPhoneSimulator.ActiveCfg = Debug|Any CPU
		{B7ACE263-760E-4924-A2F3-CCA2836602CC}.Debug|iPhoneSimulator.Build.0 = Debug|Any CPU
		{B7ACE263-760E-4924-A2F3-CCA2836602CC}.Debug|iPhoneSimulator.Deploy.0 = Debug|Any CPU
		{B7ACE263-760E-4924-A2F3-CCA2836602CC}.Release|Any CPU.ActiveCfg = Release|Any CPU
		{B7ACE263-760E-4924-A2F3-CCA2836602CC}.Release|Any CPU.Build.0 = Release|Any CPU
		{B7ACE263-760E-4924-A2F3-CCA2836602CC}.Release|Any CPU.Deploy.0 = Release|Any CPU
		{B7ACE263-760E-4924-A2F3-CCA2836602CC}.Release|iPhone.ActiveCfg = Release|Any CPU
		{B7ACE263-760E-4924-A2F3-CCA2836602CC}.Release|iPhone.Build.0 = Release|Any CPU
		{B7ACE263-760E-4924-A2F3-CCA2836602CC}.Release|iPhone.Deploy.0 = Release|Any CPU
		{B7ACE263-760E-4924-A2F3-CCA2836602CC}.Release|iPhoneSimulator.ActiveCfg = Release|Any CPU
		{B7ACE263-760E-4924-A2F3-CCA2836602CC}.Release|iPhoneSimulator.Build.0 = Release|Any CPU
		{B7ACE263-760E-4924-A2F3-CCA2836602CC}.Release|iPhoneSimulator.Deploy.0 = Release|Any CPU
	EndGlobalSection
	GlobalSection(SolutionProperties) = preSolution
		HideSolutionNode = FALSE
	EndGlobalSection
	GlobalSection(ExtensibilityGlobals) = postSolution
		SolutionGuid = {BBD77240-FC81-467D-BCB7-F041D2B9B436}
	EndGlobalSection
EndGlobal
